
Microsoft Visual Studio Solution File, Format Version 12.00
# Visual Studio Version 17
VisualStudioVersion = 17.4.33205.214
MinimumVisualStudioVersion = 10.0.40219.1
Project("{FAE04EC0-301F-11D3-BF4B-00C04F79EFBC}") = "inf3", "inf3\inf3.csproj", "{7569CA93-5EA3-409F-B63B-E394A7FBE820}"
EndProject
Global
	GlobalSection(SolutionConfigurationPlatforms) = preSolution
		Debug|Any CPU = Debug|Any CPU
		Release|Any CPU = Release|Any CPU
	EndGlobalSection
	GlobalSection(ProjectConfigurationPlatforms) = postSolution
		{7569CA93-5EA3-409F-B63B-E394A7FBE820}.Debug|Any CPU.ActiveCfg = Debug|Any CPU
		{7569CA93-5EA3-409F-B63B-E394A7FBE820}.Debug|Any CPU.Build.0 = Debug|Any CPU
		{7569CA93-5EA3-409F-B63B-E394A7FBE820}.Release|Any CPU.ActiveCfg = Release|Any CPU
		{7569CA93-5EA3-409F-B63B-E394A7FBE820}.Release|Any CPU.Build.0 = Release|Any CPU
	EndGlobalSection
	GlobalSection(SolutionProperties) = preSolution
		HideSolutionNode = FALSE
	EndGlobalSection
	GlobalSection(ExtensibilityGlobals) = postSolution
		SolutionGuid = {AD2F9C70-7DE4-4A7F-91BB-CF3E8235187B}
	EndGlobalSection
EndGlobal
